PODS:
  - DynamicInvoker (0.2.0)
  - Expecta (1.0.2)
  - Specta (1.0.3)

DEPENDENCIES:
  - DynamicInvoker (from `../`)
  - Expecta
  - Specta

EXTERNAL SOURCES:
  DynamicInvoker:
    :path: "../"

SPEC CHECKSUMS:
  DynamicInvoker: 3e9c0b13c21a6e60a3ba49aeb8483003906d8d61
  Expecta: 54e8a3530add08f4f0208c111355eda7cde74a53
  Specta: cf3e4188cf35375c3ee2cd03f8db8f1f4ef98234

COCOAPODS: 0.38.2
